Microsoft Visual Studio Solution File, Format Version 12.00
# Visual Studio Version 17
VisualStudioVersion = 17.5.2.0
MinimumVisualStudioVersion = 10.0.40219.1
Project("{FAE04EC0-301F-11D3-BF4B-00C04F79EFBC}") = "CodeCrafters.Aspire.AppHost", "CodeCrafters.Aspire.AppHost\CodeCrafters.Aspire.AppHost.csproj", "{F0466C2D-43EA-9CA4-0A22-4C73870EE2F3}"
EndProject
Project("{2150E333-8FDC-42A3-9474-1A3956D46DE8}") = "CodeCrafters.BackEnd", "CodeCrafters.BackEnd", "{2825B12E-543E-3C17-8E5F-606DCB37C27C}"
EndProject
Project("{FAE04EC0-301F-11D3-BF4B-00C04F79EFBC}") = "CodeCrafters.Api", "CodeCrafters.BackEnd\CodeCrafters.Api\CodeCrafters.Api.csproj", "{409C8AD4-3F5D-DC40-56B3-8541B0C83C66}"
EndProject
Project("{FAE04EC0-301F-11D3-BF4B-00C04F79EFBC}") = "CodeCrafters.Application", "CodeCrafters.BackEnd\CodeCrafters.Application\CodeCrafters.Application.csproj", "{123A10C9-AE06-B54A-97FB-D94693C365B0}"
EndProject
Project("{FAE04EC0-301F-11D3-BF4B-00C04F79EFBC}") = "CodeCrafters.Domain", "CodeCrafters.BackEnd\CodeCrafters.Domain\CodeCrafters.Domain.csproj", "{26BC1C23-C9E6-AC90-8AB7-7452B8B39645}"
EndProject
Project("{FAE04EC0-301F-11D3-BF4B-00C04F79EFBC}") = "CodeCrafters.Infrastructure", "CodeCrafters.BackEnd\CodeCrafters.Infrastructure\CodeCrafters.Infrastructure.csproj", "{5312827F-BC64-6792-CC8D-D2C08E9DCB14}"
EndProject
Global
	GlobalSection(SolutionConfigurationPlatforms) = preSolution
		Debug|Any CPU = Debug|Any CPU
		Release|Any CPU = Release|Any CPU
	EndGlobalSection
	GlobalSection(ProjectConfigurationPlatforms) = postSolution
		{F0466C2D-43EA-9CA4-0A22-4C73870EE2F3}.Debug|Any CPU.ActiveCfg = Debug|Any CPU
		{F0466C2D-43EA-9CA4-0A22-4C73870EE2F3}.Debug|Any CPU.Build.0 = Debug|Any CPU
		{F0466C2D-43EA-9CA4-0A22-4C73870EE2F3}.Release|Any CPU.ActiveCfg = Release|Any CPU
		{F0466C2D-43EA-9CA4-0A22-4C73870EE2F3}.Release|Any CPU.Build.0 = Release|Any CPU
		{409C8AD4-3F5D-DC40-56B3-8541B0C83C66}.Debug|Any CPU.ActiveCfg = Debug|Any CPU
		{409C8AD4-3F5D-DC40-56B3-8541B0C83C66}.Debug|Any CPU.Build.0 = Debug|Any CPU
		{409C8AD4-3F5D-DC40-56B3-8541B0C83C66}.Release|Any CPU.ActiveCfg = Release|Any CPU
		{409C8AD4-3F5D-DC40-56B3-8541B0C83C66}.Release|Any CPU.Build.0 = Release|Any CPU
		{123A10C9-AE06-B54A-97FB-D94693C365B0}.Debug|Any CPU.ActiveCfg = Debug|Any CPU
		{123A10C9-AE06-B54A-97FB-D94693C365B0}.Debug|Any CPU.Build.0 = Debug|Any CPU
		{123A10C9-AE06-B54A-97FB-D94693C365B0}.Release|Any CPU.ActiveCfg = Release|Any CPU
		{123A10C9-AE06-B54A-97FB-D94693C365B0}.Release|Any CPU.Build.0 = Release|Any CPU
		{26BC1C23-C9E6-AC90-8AB7-7452B8B39645}.Debug|Any CPU.ActiveCfg = Debug|Any CPU
		{26BC1C23-C9E6-AC90-8AB7-7452B8B39645}.Debug|Any CPU.Build.0 = Debug|Any CPU
		{26BC1C23-C9E6-AC90-8AB7-7452B8B39645}.Release|Any CPU.ActiveCfg = Release|Any CPU
		{26BC1C23-C9E6-AC90-8AB7-7452B8B39645}.Release|Any CPU.Build.0 = Release|Any CPU
		{5312827F-BC64-6792-CC8D-D2C08E9DCB14}.Debug|Any CPU.ActiveCfg = Debug|Any CPU
		{5312827F-BC64-6792-CC8D-D2C08E9DCB14}.Debug|Any CPU.Build.0 = Debug|Any CPU
		{5312827F-BC64-6792-CC8D-D2C08E9DCB14}.Release|Any CPU.ActiveCfg = Release|Any CPU
		{5312827F-BC64-6792-CC8D-D2C08E9DCB14}.Release|Any CPU.Build.0 = Release|Any CPU
	EndGlobalSection
	GlobalSection(SolutionProperties) = preSolution
		HideSolutionNode = FALSE
	EndGlobalSection
	GlobalSection(NestedProjects) = preSolution
		{409C8AD4-3F5D-DC40-56B3-8541B0C83C66} = {2825B12E-543E-3C17-8E5F-606DCB37C27C}
		{123A10C9-AE06-B54A-97FB-D94693C365B0} = {2825B12E-543E-3C17-8E5F-606DCB37C27C}
		{26BC1C23-C9E6-AC90-8AB7-7452B8B39645} = {2825B12E-543E-3C17-8E5F-606DCB37C27C}
		{5312827F-BC64-6792-CC8D-D2C08E9DCB14} = {2825B12E-543E-3C17-8E5F-606DCB37C27C}
	EndGlobalSection
	GlobalSection(ExtensibilityGlobals) = postSolution
		SolutionGuid = {884ED272-0FD8-42DE-A36A-45BC72F565F1}
	EndGlobalSection
EndGlobal
